
Microsoft Visual Studio Solution File, Format Version 12.00
# Visual Studio 15
VisualStudioVersion = 15.0.28307.102
MinimumVisualStudioVersion = 10.0.40219.1
Project("{FAE04EC0-301F-11D3-BF4B-00C04F79EFBC}") = "Course", "Course\Course.csproj", "{4219AF85-775C-4269-ADB3-E8EB662F7815}"
EndProject
Global
	GlobalSection(SolutionConfigurationPlatforms) = preSolution
		Debug|Any CPU = Debug|Any CPU
		Release|Any CPU = Release|Any CPU
	EndGlobalSection
	GlobalSection(ProjectConfigurationPlatforms) = postSolution
		{4219AF85-775C-4269-ADB3-E8EB662F7815}.Debug|Any CPU.ActiveCfg = Debug|Any CPU
		{4219AF85-775C-4269-ADB3-E8EB662F7815}.Debug|Any CPU.Build.0 = Debug|Any CPU
		{4219AF85-775C-4269-ADB3-E8EB662F7815}.Release|Any CPU.ActiveCfg = Release|Any CPU
		{4219AF85-775C-4269-ADB3-E8EB662F7815}.Release|Any CPU.Build.0 = Release|Any CPU
	EndGlobalSection
	GlobalSection(SolutionProperties) = preSolution
		HideSolutionNode = FALSE
	EndGlobalSection
	GlobalSection(ExtensibilityGlobals) = postSolution
		SolutionGuid = {59E5906A-DC0D-4B77-8709-792F99523164}
	EndGlobalSection
EndGlobal
